// !$*UTF8*$!
{
	archiveVersion = 1;
	classes = {
	};
	objectVersion = 46;
	objects = {

/* Begin PBXBuildFile section */
		0404AF5E18F6198800DE393A /* GmailLikeLoadingView.m in Sources */ = {isa = PBXBuildFile; fileRef = 0404AF5D18F6198800DE393A /* GmailLikeLoadingView.m */; };
		0404AF6118F61D8400DE393A /* PUCLoadingView.m in Sources */ = {isa = PBXBuildFile; fileRef = 0404AF6018F61D8400DE393A /* PUCLoadingView.m */; };
		04360E0E18F6EDD000AA239E /* PUCTermViewController.m in Sources */ = {isa = PBXBuildFile; fileRef = 04360E0D18F6EDD000AA239E /* PUCTermViewController.m */; };
		0443CAA318CBA41A004C524F /* PUCSectionViewController.m in Sources */ = {isa = PBXBuildFile; fileRef = 0443CAA218CBA41A004C524F /* PUCSectionViewController.m */; };
		046E0E8818CC176E00EA53D2 /* PUCDetailViewController.m in Sources */ = {isa = PBXBuildFile; fileRef = 046E0E8718CC176E00EA53D2 /* PUCDetailViewController.m */; };
		046E0E8E18CC1EA000EA53D2 /* PUCDescriptionCell.m in Sources */ = {isa = PBXBuildFile; fileRef = 046E0E8D18CC1EA000EA53D2 /* PUCDescriptionCell.m */; };
		04848EAE18CD7FDC004081D4 /* PUCLinkedSectionViewController.m in Sources */ = {isa = PBXBuildFile; fileRef = 04848EAD18CD7FDC004081D4 /* PUCLinkedSectionViewController.m */; };
		04848EB118CD8CA1004081D4 /* PUCFollowingViewController.m in Sources */ = {isa = PBXBuildFile; fileRef = 04848EB018CD8CA1004081D4 /* PUCFollowingViewController.m */; };
		049BAFD018C972A000A3F361 /* PUCSubjectViewController.m in Sources */ = {isa = PBXBuildFile; fileRef = 049BAFCF18C972A000A3F361 /* PUCSubjectViewController.m */; };
		049BAFD418C973C900A3F361 /* PUCCourse.m in Sources */ = {isa = PBXBuildFile; fileRef = 049BAFD318C973C900A3F361 /* PUCCourse.m */; };
		049BAFDD18C9761F00A3F361 /* PUCSection.m in Sources */ = {isa = PBXBuildFile; fileRef = 049BAFDC18C9761F00A3F361 /* PUCSection.m */; };
		049BAFE018C976F800A3F361 /* PUCMeeting.m in Sources */ = {isa = PBXBuildFile; fileRef = 049BAFDF18C976F800A3F361 /* PUCMeeting.m */; };
		04BBE5F218CAD1B5006B8E49 /* PUCClassManager.m in Sources */ = {isa = PBXBuildFile; fileRef = 04BBE5F118CAD1B5006B8E49 /* PUCClassManager.m */; };
		04BBE5F518CAF258006B8E49 /* PUCCourseViewController.m in Sources */ = {isa = PBXBuildFile; fileRef = 04BBE5F418CAF258006B8E49 /* PUCCourseViewController.m */; };
		04D7F35818CBFCF600875CD7 /* PUCSectionCell.m in Sources */ = {isa = PBXBuildFile; fileRef = 04D7F35718CBFCF600875CD7 /* PUCSectionCell.m */; };
		04D7F35B18CBFF4500875CD7 /* PUCTestTableViewController.m in Sources */ = {isa = PBXBuildFile; fileRef = 04D7F35A18CBFF4500875CD7 /* PUCTestTableViewController.m */; };
		04F849DB18E64E85004278FF /* PUCSubject.m in Sources */ = {isa = PBXBuildFile; fileRef = 04F849DA18E64E85004278FF /* PUCSubject.m */; };
		04FFC07918C8EF7E00049790 /* Foundation.framework in Frameworks */ = {isa = PBXBuildFile; fileRef = 04FFC07818C8EF7E00049790 /* Foundation.framework */; };
		04FFC07B18C8EF7E00049790 /* CoreGraphics.framework in Frameworks */ = {isa = PBXBuildFile; fileRef = 04FFC07A18C8EF7E00049790 /* CoreGraphics.framework */; };
		04FFC07D18C8EF7E00049790 /* UIKit.framework in Frameworks */ = {isa = PBXBuildFile; fileRef = 04FFC07C18C8EF7E00049790 /* UIKit.framework */; };
		04FFC08318C8EF7E00049790 /* InfoPlist.strings in Resources */ = {isa = PBXBuildFile; fileRef = 04FFC08118C8EF7E00049790 /* InfoPlist.strings */; };
		04FFC08518C8EF7E00049790 /* main.m in Sources */ = {isa = PBXBuildFile; fileRef = 04FFC08418C8EF7E00049790 /* main.m */; };
		04FFC08918C8EF7E00049790 /* PUCAppDelegate.m in Sources */ = {isa = PBXBuildFile; fileRef = 04FFC08818C8EF7E00049790 /* PUCAppDelegate.m */; };
		04FFC08C18C8EF7E00049790 /* Main.storyboard in Resources */ = {isa = PBXBuildFile; fileRef = 04FFC08A18C8EF7E00049790 /* Main.storyboard */; };
		04FFC09118C8EF7E00049790 /* Images.xcassets in Resources */ = {isa = PBXBuildFile; fileRef = 04FFC09018C8EF7E00049790 /* Images.xcassets */; };
		04FFC09818C8EF7E00049790 /* XCTest.framework in Frameworks */ = {isa = PBXBuildFile; fileRef = 04FFC09718C8EF7E00049790 /* XCTest.framework */; };
		04FFC09918C8EF7E00049790 /* Foundation.framework in Frameworks */ = {isa = PBXBuildFile; fileRef = 04FFC07818C8EF7E00049790 /* Foundation.framework */; };
		04FFC09A18C8EF7E00049790 /* UIKit.framework in Frameworks */ = {isa = PBXBuildFile; fileRef = 04FFC07C18C8EF7E00049790 /* UIKit.framework */; };
		04FFC0A218C8EF7E00049790 /* InfoPlist.strings in Resources */ = {isa = PBXBuildFile; fileRef = 04FFC0A018C8EF7E00049790 /* InfoPlist.strings */; };
		04FFC0A418C8EF7E00049790 /* PurdueClassTests.m in Sources */ = {isa = PBXBuildFile; fileRef = 04FFC0A318C8EF7E00049790 /* PurdueClassTests.m */; };
		22118B6AF8294874950EB39E /* libPods.a in Frameworks */ = {isa = PBXBuildFile; fileRef = A8A531A8E3994B1B8E931F76 /* libPods.a */; };
/* End PBXBuildFile section */

/* Begin PBXContainerItemProxy section */
		04FFC09B18C8EF7E00049790 /* PBXContainerItemProxy */ = {
			isa = PBXContainerItemProxy;
			containerPortal = 04FFC06D18C8EF7E00049790 /* Project object */;
			proxyType = 1;
			remoteGlobalIDString = 04FFC07418C8EF7E00049790;
			remoteInfo = PurdueClass;
		};
/* End PBXContainerItemProxy section */

/* Begin PBXFileReference section */
		0404AF5C18F6198800DE393A /* GmailLikeLoadingView.h */ = {isa = PBXFileReference; fileEncoding = 4; lastKnownFileType = sourcecode.c.h; path = GmailLikeLoadingView.h; sourceTree = "<group>"; };
		0404AF5D18F6198800DE393A /* GmailLikeLoadingView.m */ = {isa = PBXFileReference; fileEncoding = 4; lastKnownFileType = sourcecode.c.objc; path = GmailLikeLoadingView.m; sourceTree = "<group>"; };
		0404AF5F18F61D8400DE393A /* PUCLoadingView.h */ = {isa = PBXFileReference; fileEncoding = 4; lastKnownFileType = sourcecode.c.h; path = PUCLoadingView.h; sourceTree = "<group>"; };
		0404AF6018F61D8400DE393A /* PUCLoadingView.m */ = {isa = PBXFileReference; fileEncoding = 4; lastKnownFileType = sourcecode.c.objc; path = PUCLoadingView.m; sourceTree = "<group>"; };
		04360E0C18F6EDD000AA239E /* PUCTermViewController.h */ = {isa = PBXFileReference; fileEncoding = 4; lastKnownFileType = sourcecode.c.h; path = PUCTermViewController.h; sourceTree = "<group>"; };
		04360E0D18F6EDD000AA239E /* PUCTermViewController.m */ = {isa = PBXFileReference; fileEncoding = 4; lastKnownFileType = sourcecode.c.objc; path = PUCTermViewController.m; sourceTree = "<group>"; };
		0443CAA118CBA41A004C524F /* PUCSectionViewController.h */ = {isa = PBXFileReference; fileEncoding = 4; lastKnownFileType = sourcecode.c.h; path = PUCSectionViewController.h; sourceTree = "<group>"; };
		0443CAA218CBA41A004C524F /* PUCSectionViewController.m */ = {isa = PBXFileReference; fileEncoding = 4; lastKnownFileType = sourcecode.c.objc; path = PUCSectionViewController.m; sourceTree = "<group>"; };
		046E0E8618CC176E00EA53D2 /* PUCDetailViewController.h */ = {isa = PBXFileReference; fileEncoding = 4; lastKnownFileType = sourcecode.c.h; path = PUCDetailViewController.h; sourceTree = "<group>"; };
		046E0E8718CC176E00EA53D2 /* PUCDetailViewController.m */ = {isa = PBXFileReference; fileEncoding = 4; lastKnownFileType = sourcecode.c.objc; path = PUCDetailViewController.m; sourceTree = "<group>"; };
		046E0E8C18CC1EA000EA53D2 /* PUCDescriptionCell.h */ = {isa = PBXFileReference; fileEncoding = 4; lastKnownFileType = sourcecode.c.h; path = PUCDescriptionCell.h; sourceTree = "<group>"; };
		046E0E8D18CC1EA000EA53D2 /* PUCDescriptionCell.m */ = {isa = PBXFileReference; fileEncoding = 4; lastKnownFileType = sourcecode.c.objc; path = PUCDescriptionCell.m; sourceTree = "<group>"; };
		04848EAC18CD7FDC004081D4 /* PUCLinkedSectionViewController.h */ = {isa = PBXFileReference; fileEncoding = 4; lastKnownFileType = sourcecode.c.h; path = PUCLinkedSectionViewController.h; sourceTree = "<group>"; };
		04848EAD18CD7FDC004081D4 /* PUCLinkedSectionViewController.m */ = {isa = PBXFileReference; fileEncoding = 4; lastKnownFileType = sourcecode.c.objc; path = PUCLinkedSectionViewController.m; sourceTree = "<group>"; };
		04848EAF18CD8CA1004081D4 /* PUCFollowingViewController.h */ = {isa = PBXFileReference; fileEncoding = 4; lastKnownFileType = sourcecode.c.h; path = PUCFollowingViewController.h; sourceTree = "<group>"; };
		04848EB018CD8CA1004081D4 /* PUCFollowingViewController.m */ = {isa = PBXFileReference; fileEncoding = 4; lastKnownFileType = sourcecode.c.objc; path = PUCFollowingViewController.m; sourceTree = "<group>"; };
		049BAFCE18C972A000A3F361 /* PUCSubjectViewController.h */ = {isa = PBXFileReference; fileEncoding = 4; lastKnownFileType = sourcecode.c.h; path = PUCSubjectViewController.h; sourceTree = "<group>"; };
		049BAFCF18C972A000A3F361 /* PUCSubjectViewController.m */ = {isa = PBXFileReference; fileEncoding = 4; lastKnownFileType = sourcecode.c.objc; path = PUCSubjectViewController.m; sourceTree = "<group>"; };
		049BAFD218C973C900A3F361 /* PUCCourse.h */ = {isa = PBXFileReference; fileEncoding = 4; lastKnownFileType = sourcecode.c.h; path = PUCCourse.h; sourceTree = "<group>"; };
		049BAFD318C973C900A3F361 /* PUCCourse.m */ = {isa = PBXFileReference; fileEncoding = 4; lastKnownFileType = sourcecode.c.objc; path = PUCCourse.m; sourceTree = "<group>"; };
		049BAFDB18C9761F00A3F361 /* PUCSection.h */ = {isa = PBXFileReference; fileEncoding = 4; lastKnownFileType = sourcecode.c.h; path = PUCSection.h; sourceTree = "<group>"; };
		049BAFDC18C9761F00A3F361 /* PUCSection.m */ = {isa = PBXFileReference; fileEncoding = 4; lastKnownFileType = sourcecode.c.objc; path = PUCSection.m; sourceTree = "<group>"; };
		049BAFDE18C976F800A3F361 /* PUCMeeting.h */ = {isa = PBXFileReference; fileEncoding = 4; lastKnownFileType = sourcecode.c.h; path = PUCMeeting.h; sourceTree = "<group>"; };
		049BAFDF18C976F800A3F361 /* PUCMeeting.m */ = {isa = PBXFileReference; fileEncoding = 4; lastKnownFileType = sourcecode.c.objc; path = PUCMeeting.m; sourceTree = "<group>"; };
		04BBE5F018CAD1B5006B8E49 /* PUCClassManager.h */ = {isa = PBXFileReference; fileEncoding = 4; lastKnownFileType = sourcecode.c.h; path = PUCClassManager.h; sourceTree = "<group>"; };
		04BBE5F118CAD1B5006B8E49 /* PUCClassManager.m */ = {isa = PBXFileReference; fileEncoding = 4; lastKnownFileType = sourcecode.c.objc; path = PUCClassManager.m; sourceTree = "<group>"; };
		04BBE5F318CAF258006B8E49 /* PUCCourseViewController.h */ = {isa = PBXFileReference; fileEncoding = 4; lastKnownFileType = sourcecode.c.h; path = PUCCourseViewController.h; sourceTree = "<group>"; };
		04BBE5F418CAF258006B8E49 /* PUCCourseViewController.m */ = {isa = PBXFileReference; fileEncoding = 4; lastKnownFileType = sourcecode.c.objc; path = PUCCourseViewController.m; sourceTree = "<group>"; };
		04D7F35618CBFCF600875CD7 /* PUCSectionCell.h */ = {isa = PBXFileReference; fileEncoding = 4; lastKnownFileType = sourcecode.c.h; path = PUCSectionCell.h; sourceTree = "<group>"; };
		04D7F35718CBFCF600875CD7 /* PUCSectionCell.m */ = {isa = PBXFileReference; fileEncoding = 4; lastKnownFileType = sourcecode.c.objc; path = PUCSectionCell.m; sourceTree = "<group>"; };
		04D7F35918CBFF4500875CD7 /* PUCTestTableViewController.h */ = {isa = PBXFileReference; fileEncoding = 4; lastKnownFileType = sourcecode.c.h; path = PUCTestTableViewController.h; sourceTree = "<group>"; };
		04D7F35A18CBFF4500875CD7 /* PUCTestTableViewController.m */ = {isa = PBXFileReference; fileEncoding = 4; lastKnownFileType = sourcecode.c.objc; path = PUCTestTableViewController.m; sourceTree = "<group>"; };
		04F849D918E64E85004278FF /* PUCSubject.h */ = {isa = PBXFileReference; fileEncoding = 4; lastKnownFileType = sourcecode.c.h; path = PUCSubject.h; sourceTree = "<group>"; };
		04F849DA18E64E85004278FF /* PUCSubject.m */ = {isa = PBXFileReference; fileEncoding = 4; lastKnownFileType = sourcecode.c.objc; path = PUCSubject.m; sourceTree = "<group>"; };
		04FFC07518C8EF7E00049790 /* PurdueClass.app */ = {isa = PBXFileReference; explicitFileType = wrapper.application; includeInIndex = 0; path = PurdueClass.app; sourceTree = BUILT_PRODUCTS_DIR; };
		04FFC07818C8EF7E00049790 /* Foundation.framework */ = {isa = PBXFileReference; lastKnownFileType = wrapper.framework; name = Foundation.framework; path = System/Library/Frameworks/Foundation.framework; sourceTree = SDKROOT; };
		04FFC07A18C8EF7E00049790 /* CoreGraphics.framework */ = {isa = PBXFileReference; lastKnownFileType = wrapper.framework; name = CoreGraphics.framework; path = System/Library/Frameworks/CoreGraphics.framework; sourceTree = SDKROOT; };
		04FFC07C18C8EF7E00049790 /* UIKit.framework */ = {isa = PBXFileReference; lastKnownFileType = wrapper.framework; name = UIKit.framework; path = System/Library/Frameworks/UIKit.framework; sourceTree = SDKROOT; };
		04FFC08018C8EF7E00049790 /* PurdueClass-Info.plist */ = {isa = PBXFileReference; lastKnownFileType = text.plist.xml; path = "PurdueClass-Info.plist"; sourceTree = "<group>"; };
		04FFC08218C8EF7E00049790 /* en */ = {isa = PBXFileReference; lastKnownFileType = text.plist.strings; name = en; path = en.lproj/InfoPlist.strings; sourceTree = "<group>"; };
		04FFC08418C8EF7E00049790 /* main.m */ = {isa = PBXFileReference; lastKnownFileType = sourcecode.c.objc; path = main.m; sourceTree = "<group>"; };
		04FFC08618C8EF7E00049790 /* PurdueClass-Prefix.pch */ = {isa = PBXFileReference; lastKnownFileType = sourcecode.c.h; path = "PurdueClass-Prefix.pch"; sourceTree = "<group>"; };
		04FFC08718C8EF7E00049790 /* PUCAppDelegate.h */ = {isa = PBXFileReference; lastKnownFileType = sourcecode.c.h; path = PUCAppDelegate.h; sourceTree = "<group>"; };
		04FFC08818C8EF7E00049790 /* PUCAppDelegate.m */ = {isa = PBXFileReference; lastKnownFileType = sourcecode.c.objc; path = PUCAppDelegate.m; sourceTree = "<group>"; };
		04FFC08B18C8EF7E00049790 /* Base */ = {isa = PBXFileReference; lastKnownFileType = file.storyboard; name = Base; path = Base.lproj/Main.storyboard; sourceTree = "<group>"; };
		04FFC09018C8EF7E00049790 /* Images.xcassets */ = {isa = PBXFileReference; lastKnownFileType = folder.assetcatalog; path = Images.xcassets; sourceTree = "<group>"; };
		04FFC09618C8EF7E00049790 /* PurdueClassTests.xctest */ = {isa = PBXFileReference; explicitFileType = wrapper.cfbundle; includeInIndex = 0; path = PurdueClassTests.xctest; sourceTree = BUILT_PRODUCTS_DIR; };
		04FFC09718C8EF7E00049790 /* XCTest.framework */ = {isa = PBXFileReference; lastKnownFileType = wrapper.framework; name = XCTest.framework; path = Library/Frameworks/XCTest.framework; sourceTree = DEVELOPER_DIR; };
		04FFC09F18C8EF7E00049790 /* PurdueClassTests-Info.plist */ = {isa = PBXFileReference; lastKnownFileType = text.plist.xml; path = "PurdueClassTests-Info.plist"; sourceTree = "<group>"; };
		04FFC0A118C8EF7E00049790 /* en */ = {isa = PBXFileReference; lastKnownFileType = text.plist.strings; name = en; path = en.lproj/InfoPlist.strings; sourceTree = "<group>"; };
		04FFC0A318C8EF7E00049790 /* PurdueClassTests.m */ = {isa = PBXFileReference; lastKnownFileType = sourcecode.c.objc; path = PurdueClassTests.m; sourceTree = "<group>"; };
		A8A531A8E3994B1B8E931F76 /* libPods.a */ = {isa = PBXFileReference; explicitFileType = archive.ar; includeInIndex = 0; path = libPods.a; sourceTree = BUILT_PRODUCTS_DIR; };
		F608C86B83A54D4C9FD24110 /* Pods.xcconfig */ = {isa = PBXFileReference; includeInIndex = 1; lastKnownFileType = text.xcconfig; name = Pods.xcconfig; path = Pods/Pods.xcconfig; sourceTree = "<group>"; };
/* End PBXFileReference section */

/* Begin PBXFrameworksBuildPhase section */
		04FFC07218C8EF7E00049790 /* Frameworks */ = {
			isa = PBXFrameworksBuildPhase;
			buildActionMask = 2147483647;
			files = (
				04FFC07B18C8EF7E00049790 /* CoreGraphics.framework in Frameworks */,
				04FFC07D18C8EF7E00049790 /* UIKit.framework in Frameworks */,
				04FFC07918C8EF7E00049790 /* Foundation.framework in Frameworks */,
				22118B6AF8294874950EB39E /* libPods.a in Frameworks */,
			);
			runOnlyForDeploymentPostprocessing = 0;
		};
		04FFC09318C8EF7E00049790 /* Frameworks */ = {
			isa = PBXFrameworksBuildPhase;
			buildActionMask = 2147483647;
			files = (
				04FFC09818C8EF7E00049790 /* XCTest.framework in Frameworks */,
				04FFC09A18C8EF7E00049790 /* UIKit.framework in Frameworks */,
				04FFC09918C8EF7E00049790 /* Foundation.framework in Frameworks */,
			);
			runOnlyForDeploymentPostprocessing = 0;
		};
/* End PBXFrameworksBuildPhase section */

/* Begin PBXGroup section */
		0404AF5A18F6190200DE393A /* view */ = {
			isa = PBXGroup;
			children = (
				0404AF5C18F6198800DE393A /* GmailLikeLoadingView.h */,
				0404AF5D18F6198800DE393A /* GmailLikeLoadingView.m */,
				0404AF5F18F61D8400DE393A /* PUCLoadingView.h */,
				0404AF6018F61D8400DE393A /* PUCLoadingView.m */,
				04D7F35618CBFCF600875CD7 /* PUCSectionCell.h */,
				04D7F35718CBFCF600875CD7 /* PUCSectionCell.m */,
				046E0E8C18CC1EA000EA53D2 /* PUCDescriptionCell.h */,
				046E0E8D18CC1EA000EA53D2 /* PUCDescriptionCell.m */,
			);
			name = view;
			sourceTree = "<group>";
		};
		0404AF5B18F6191500DE393A /* controller */ = {
			isa = PBXGroup;
			children = (
				04848EAF18CD8CA1004081D4 /* PUCFollowingViewController.h */,
				04848EB018CD8CA1004081D4 /* PUCFollowingViewController.m */,
				04848EAC18CD7FDC004081D4 /* PUCLinkedSectionViewController.h */,
				04848EAD18CD7FDC004081D4 /* PUCLinkedSectionViewController.m */,
				046E0E8618CC176E00EA53D2 /* PUCDetailViewController.h */,
				046E0E8718CC176E00EA53D2 /* PUCDetailViewController.m */,
				0443CAA118CBA41A004C524F /* PUCSectionViewController.h */,
				0443CAA218CBA41A004C524F /* PUCSectionViewController.m */,
				04BBE5F318CAF258006B8E49 /* PUCCourseViewController.h */,
				04BBE5F418CAF258006B8E49 /* PUCCourseViewController.m */,
				049BAFCE18C972A000A3F361 /* PUCSubjectViewController.h */,
				049BAFCF18C972A000A3F361 /* PUCSubjectViewController.m */,
				04360E0C18F6EDD000AA239E /* PUCTermViewController.h */,
				04360E0D18F6EDD000AA239E /* PUCTermViewController.m */,
			);
			name = controller;
			sourceTree = "<group>";
		};
		049BAFD118C972B300A3F361 /* model */ = {
			isa = PBXGroup;
			children = (
				04F849D918E64E85004278FF /* PUCSubject.h */,
				04F849DA18E64E85004278FF /* PUCSubject.m */,
				049BAFD218C973C900A3F361 /* PUCCourse.h */,
				049BAFD318C973C900A3F361 /* PUCCourse.m */,
				049BAFDB18C9761F00A3F361 /* PUCSection.h */,
				049BAFDC18C9761F00A3F361 /* PUCSection.m */,
				049BAFDE18C976F800A3F361 /* PUCMeeting.h */,
				049BAFDF18C976F800A3F361 /* PUCMeeting.m */,
				04BBE5F018CAD1B5006B8E49 /* PUCClassManager.h */,
				04BBE5F118CAD1B5006B8E49 /* PUCClassManager.m */,
			);
			name = model;
			sourceTree = "<group>";
		};
		04FFC06C18C8EF7E00049790 = {
			isa = PBXGroup;
			children = (
				04FFC07E18C8EF7E00049790 /* PurdueClass */,
				04FFC09D18C8EF7E00049790 /* PurdueClassTests */,
				04FFC07718C8EF7E00049790 /* Frameworks */,
				04FFC07618C8EF7E00049790 /* Products */,
				F608C86B83A54D4C9FD24110 /* Pods.xcconfig */,
			);
			sourceTree = "<group>";
		};
		04FFC07618C8EF7E00049790 /* Products */ = {
			isa = PBXGroup;
			children = (
				04FFC07518C8EF7E00049790 /* PurdueClass.app */,
				04FFC09618C8EF7E00049790 /* PurdueClassTests.xctest */,
			);
			name = Products;
			sourceTree = "<group>";
		};
		04FFC07718C8EF7E00049790 /* Frameworks */ = {
			isa = PBXGroup;
			children = (
				04FFC07818C8EF7E00049790 /* Foundation.framework */,
				04FFC07A18C8EF7E00049790 /* CoreGraphics.framework */,
				04FFC07C18C8EF7E00049790 /* UIKit.framework */,
				04FFC09718C8EF7E00049790 /* XCTest.framework */,
				A8A531A8E3994B1B8E931F76 /* libPods.a */,
			);
			name = Frameworks;
			sourceTree = "<group>";
		};
		04FFC07E18C8EF7E00049790 /* PurdueClass */ = {
			isa = PBXGroup;
			children = (
				0404AF5B18F6191500DE393A /* controller */,
				0404AF5A18F6190200DE393A /* view */,
				049BAFD118C972B300A3F361 /* model */,
				04FFC08718C8EF7E00049790 /* PUCAppDelegate.h */,
				04FFC08818C8EF7E00049790 /* PUCAppDelegate.m */,
				04FFC08A18C8EF7E00049790 /* Main.storyboard */,
				04D7F35918CBFF4500875CD7 /* PUCTestTableViewController.h */,
				04D7F35A18CBFF4500875CD7 /* PUCTestTableViewController.m */,
				04FFC09018C8EF7E00049790 /* Images.xcassets */,
				04FFC07F18C8EF7E00049790 /* Supporting Files */,
			);
			path = PurdueClass;
			sourceTree = "<group>";
		};
		04FFC07F18C8EF7E00049790 /* Supporting Files */ = {
			isa = PBXGroup;
			children = (
				04FFC08018C8EF7E00049790 /* PurdueClass-Info.plist */,
				04FFC08118C8EF7E00049790 /* InfoPlist.strings */,
				04FFC08418C8EF7E00049790 /* main.m */,
				04FFC08618C8EF7E00049790 /* PurdueClass-Prefix.pch */,
			);
			name = "Supporting Files";
			sourceTree = "<group>";
		};
		04FFC09D18C8EF7E00049790 /* PurdueClassTests */ = {
			isa = PBXGroup;
			children = (
				04FFC0A318C8EF7E00049790 /* PurdueClassTests.m */,
				04FFC09E18C8EF7E00049790 /* Supporting Files */,
			);
			path = PurdueClassTests;
			sourceTree = "<group>";
		};
		04FFC09E18C8EF7E00049790 /* Supporting Files */ = {
			isa = PBXGroup;
			children = (
				04FFC09F18C8EF7E00049790 /* PurdueClassTests-Info.plist */,
				04FFC0A018C8EF7E00049790 /* InfoPlist.strings */,
			);
			name = "Supporting Files";
			sourceTree = "<group>";
		};
/* End PBXGroup section */

/* Begin PBXNativeTarget section */
		04FFC07418C8EF7E00049790 /* PurdueClass */ = {
			isa = PBXNativeTarget;
			buildConfigurationList = 04FFC0A718C8EF7E00049790 /* Build configuration list for PBXNativeTarget "PurdueClass" */;
			buildPhases = (
				FFAEEED8D43546BFBF4D5912 /* Check Pods Manifest.lock */,
				04FFC07118C8EF7E00049790 /* Sources */,
				04FFC07218C8EF7E00049790 /* Frameworks */,
				04FFC07318C8EF7E00049790 /* Resources */,
				BAEDBB38BD2B41588B17EB9C /* Copy Pods Resources */,
			);
			buildRules = (
			);
			dependencies = (
			);
			name = PurdueClass;
			productName = PurdueClass;
			productReference = 04FFC07518C8EF7E00049790 /* PurdueClass.app */;
			productType = "com.apple.product-type.application";
		};
		04FFC09518C8EF7E00049790 /* PurdueClassTests */ = {
			isa = PBXNativeTarget;
			buildConfigurationList = 04FFC0AA18C8EF7E00049790 /* Build configuration list for PBXNativeTarget "PurdueClassTests" */;
			buildPhases = (
				04FFC09218C8EF7E00049790 /* Sources */,
				04FFC09318C8EF7E00049790 /* Frameworks */,
				04FFC09418C8EF7E00049790 /* Resources */,
			);
			buildRules = (
			);
			dependencies = (
				04FFC09C18C8EF7E00049790 /* PBXTargetDependency */,
			);
			name = PurdueClassTests;
			productName = PurdueClassTests;
			productReference = 04FFC09618C8EF7E00049790 /* PurdueClassTests.xctest */;
			productType = "com.apple.product-type.bundle.unit-test";
		};
/* End PBXNativeTarget section */

/* Begin PBXProject section */
		04FFC06D18C8EF7E00049790 /* Project object */ = {
			isa = PBXProject;
			attributes = {
				CLASSPREFIX = PUC;
				LastUpgradeCheck = 0500;
				ORGANIZATIONNAME = "Rendong Chen";
				TargetAttributes = {
					04FFC07418C8EF7E00049790 = {
						DevelopmentTeam = ZPGM9PMUAK;
					};
					04FFC09518C8EF7E00049790 = {
						TestTargetID = 04FFC07418C8EF7E00049790;
					};
				};
			};
			buildConfigurationList = 04FFC07018C8EF7E00049790 /* Build configuration list for PBXProject "PurdueClass" */;
			compatibilityVersion = "Xcode 3.2";
			developmentRegion = English;
			hasScannedForEncodings = 0;
			knownRegions = (
				en,
				Base,
			);
			mainGroup = 04FFC06C18C8EF7E00049790;
			productRefGroup = 04FFC07618C8EF7E00049790 /* Products */;
			projectDirPath = "";
			projectRoot = "";
			targets = (
				04FFC07418C8EF7E00049790 /* PurdueClass */,
				04FFC09518C8EF7E00049790 /* PurdueClassTests */,
			);
		};
/* End PBXProject section */

/* Begin PBXResourcesBuildPhase section */
		04FFC07318C8EF7E00049790 /* Resources */ = {
			isa = PBXResourcesBuildPhase;
			buildActionMask = 2147483647;
			files = (
				04FFC09118C8EF7E00049790 /* Images.xcassets in Resources */,
				04FFC08318C8EF7E00049790 /* InfoPlist.strings in Resources */,
				04FFC08C18C8EF7E00049790 /* Main.storyboard in Resources */,
			);
			runOnlyForDeploymentPostprocessing = 0;
		};
		04FFC09418C8EF7E00049790 /* Resources */ = {
			isa = PBXResourcesBuildPhase;
			buildActionMask = 2147483647;
			files = (
				04FFC0A218C8EF7E00049790 /* InfoPlist.strings in Resources */,
			);
			runOnlyForDeploymentPostprocessing = 0;
		};
/* End PBXResourcesBuildPhase section */

/* Begin PBXShellScriptBuildPhase section */
		BAEDBB38BD2B41588B17EB9C /* Copy Pods Resources */ = {
			isa = PBXShellScriptBuildPhase;
			buildActionMask = 2147483647;
			files = (
			);
			inputPaths = (
			);
			name = "Copy Pods Resources";
			outputPaths = (
			);
			runOnlyForDeploymentPostprocessing = 0;
			shellPath = /bin/sh;
			shellScript = "\"${SRCROOT}/Pods/Pods-resources.sh\"\n";
			showEnvVarsInLog = 0;
		};
		FFAEEED8D43546BFBF4D5912 /* Check Pods Manifest.lock */ = {
			isa = PBXShellScriptBuildPhase;
			buildActionMask = 2147483647;
			files = (
			);
			inputPaths = (
			);
			name = "Check Pods Manifest.lock";
			outputPaths = (
			);
			runOnlyForDeploymentPostprocessing = 0;
			shellPath = /bin/sh;
			shellScript = "diff \"${PODS_ROOT}/../Podfile.lock\" \"${PODS_ROOT}/Manifest.lock\" > /dev/null\nif [[ $? != 0 ]] ; then\n    cat << EOM\nerror: The sandbox is not in sync with the Podfile.lock. Run 'pod install' or update your CocoaPods installation.\nEOM\n    exit 1\nfi\n";
			showEnvVarsInLog = 0;
		};
/* End PBXShellScriptBuildPhase section */

/* Begin PBXSourcesBuildPhase section */
		04FFC07118C8EF7E00049790 /* Sources */ = {
			isa = PBXSourcesBuildPhase;
			buildActionMask = 2147483647;
			files = (
				04BBE5F218CAD1B5006B8E49 /* PUCClassManager.m in Sources */,
				049BAFE018C976F800A3F361 /* PUCMeeting.m in Sources */,
				04848EB118CD8CA1004081D4 /* PUCFollowingViewController.m in Sources */,
				049BAFD018C972A000A3F361 /* PUCSubjectViewController.m in Sources */,
				04360E0E18F6EDD000AA239E /* PUCTermViewController.m in Sources */,
				04D7F35B18CBFF4500875CD7 /* PUCTestTableViewController.m in Sources */,
				046E0E8E18CC1EA000EA53D2 /* PUCDescriptionCell.m in Sources */,
				04FFC08518C8EF7E00049790 /* main.m in Sources */,
				0404AF5E18F6198800DE393A /* GmailLikeLoadingView.m in Sources */,
				0404AF6118F61D8400DE393A /* PUCLoadingView.m in Sources */,
				046E0E8818CC176E00EA53D2 /* PUCDetailViewController.m in Sources */,
				049BAFDD18C9761F00A3F361 /* PUCSection.m in Sources */,
				049BAFD418C973C900A3F361 /* PUCCourse.m in Sources */,
				0443CAA318CBA41A004C524F /* PUCSectionViewController.m in Sources */,
				04D7F35818CBFCF600875CD7 /* PUCSectionCell.m in Sources */,
				04848EAE18CD7FDC004081D4 /* PUCLinkedSectionViewController.m in Sources */,
				04BBE5F518CAF258006B8E49 /* PUCCourseViewController.m in Sources */,
				04FFC08918C8EF7E00049790 /* PUCAppDelegate.m in Sources */,
				04F849DB18E64E85004278FF /* PUCSubject.m in Sources */,
			);
			runOnlyForDeploymentPostprocessing = 0;
		};
		04FFC09218C8EF7E00049790 /* Sources */ = {
			isa = PBXSourcesBuildPhase;
			buildActionMask = 2147483647;
			files = (
				04FFC0A418C8EF7E00049790 /* PurdueClassTests.m in Sources */,
			);
			runOnlyForDeploymentPostprocessing = 0;
		};
/* End PBXSourcesBuildPhase section */

/* Begin PBXTargetDependency section */
		04FFC09C18C8EF7E00049790 /* PBXTargetDependency */ = {
			isa = PBXTargetDependency;
			target = 04FFC07418C8EF7E00049790 /* PurdueClass */;
			targetProxy = 04FFC09B18C8EF7E00049790 /* PBXContainerItemProxy */;
		};
/* End PBXTargetDependency section */

/* Begin PBXVariantGroup section */
		04FFC08118C8EF7E00049790 /* InfoPlist.strings */ = {
			isa = PBXVariantGroup;
			children = (
				04FFC08218C8EF7E00049790 /* en */,
			);
			name = InfoPlist.strings;
			sourceTree = "<group>";
		};
		04FFC08A18C8EF7E00049790 /* Main.storyboard */ = {
			isa = PBXVariantGroup;
			children = (
				04FFC08B18C8EF7E00049790 /* Base */,
			);
			name = Main.storyboard;
			sourceTree = "<group>";
		};
		04FFC0A018C8EF7E00049790 /* InfoPlist.strings */ = {
			isa = PBXVariantGroup;
			children = (
				04FFC0A118C8EF7E00049790 /* en */,
			);
			name = InfoPlist.strings;
			sourceTree = "<group>";
		};
/* End PBXVariantGroup section */

/* Begin XCBuildConfiguration section */
		04FFC0A518C8EF7E00049790 /* Debug */ = {
			isa = XCBuildConfiguration;
			buildSettings = {
				ALWAYS_SEARCH_USER_PATHS = NO;
				ARCHS = "$(ARCHS_STANDARD_INCLUDING_64_BIT)";
				CLANG_CXX_LANGUAGE_STANDARD = "gnu++0x";
				CLANG_CXX_LIBRARY = "libc++";
				CLANG_ENABLE_MODULES = YES;
				CLANG_ENABLE_OBJC_ARC = YES;
				CLANG_WARN_BOOL_CONVERSION = YES;
				CLANG_WARN_CONSTANT_CONVERSION = YES;
				CLANG_WARN_DIRECT_OBJC_ISA_USAGE = YES_ERROR;
				CLANG_WARN_EMPTY_BODY = YES;
				CLANG_WARN_ENUM_CONVERSION = YES;
				CLANG_WARN_INT_CONVERSION = YES;
				CLANG_WARN_OBJC_ROOT_CLASS = YES_ERROR;
				CLANG_WARN__DUPLICATE_METHOD_MATCH = YES;
				"CODE_SIGN_IDENTITY[sdk=iphoneos*]" = "iPhone Developer";
				COPY_PHASE_STRIP = NO;
				GCC_C_LANGUAGE_STANDARD = gnu99;
				GCC_DYNAMIC_NO_PIC = NO;
				GCC_OPTIMIZATION_LEVEL = 0;
				GCC_PREPROCESSOR_DEFINITIONS = (
					"DEBUG=1",
					"$(inherited)",
				);
				GCC_SYMBOLS_PRIVATE_EXTERN = NO;
				GCC_WARN_64_TO_32_BIT_CONVERSION = YES;
				GCC_WARN_ABOUT_RETURN_TYPE = YES_ERROR;
				GCC_WARN_UNDECLARED_SELECTOR = YES;
				GCC_WARN_UNINITIALIZED_AUTOS = YES;
				GCC_WARN_UNUSED_FUNCTION = YES;
				GCC_WARN_UNUSED_VARIABLE = YES;
				IPHONEOS_DEPLOYMENT_TARGET = 7.0;
				ONLY_ACTIVE_ARCH = YES;
				SDKROOT = iphoneos;
			};
			name = Debug;
		};
		04FFC0A618C8EF7E00049790 /* Release */ = {
			isa = XCBuildConfiguration;
			buildSettings = {
				ALWAYS_SEARCH_USER_PATHS = NO;
				ARCHS = "$(ARCHS_STANDARD_INCLUDING_64_BIT)";
				CLANG_CXX_LANGUAGE_STANDARD = "gnu++0x";
				CLANG_CXX_LIBRARY = "libc++";
				CLANG_ENABLE_MODULES = YES;
				CLANG_ENABLE_OBJC_ARC = YES;
				CLANG_WARN_BOOL_CONVERSION = YES;
				CLANG_WARN_CONSTANT_CONVERSION = YES;
				CLANG_WARN_DIRECT_OBJC_ISA_USAGE = YES_ERROR;
				CLANG_WARN_EMPTY_BODY = YES;
				CLANG_WARN_ENUM_CONVERSION = YES;
				CLANG_WARN_INT_CONVERSION = YES;
				CLANG_WARN_OBJC_ROOT_CLASS = YES_ERROR;
				CLANG_WARN__DUPLICATE_METHOD_MATCH = YES;
				"CODE_SIGN_IDENTITY[sdk=iphoneos*]" = "iPhone Developer";
				COPY_PHASE_STRIP = YES;
				ENABLE_NS_ASSERTIONS = NO;
				GCC_C_LANGUAGE_STANDARD = gnu99;
				GCC_WARN_64_TO_32_BIT_CONVERSION = YES;
				GCC_WARN_ABOUT_RETURN_TYPE = YES_ERROR;
				GCC_WARN_UNDECLARED_SELECTOR = YES;
				GCC_WARN_UNINITIALIZED_AUTOS = YES;
				GCC_WARN_UNUSED_FUNCTION = YES;
				GCC_WARN_UNUSED_VARIABLE = YES;
				IPHONEOS_DEPLOYMENT_TARGET = 7.0;
				SDKROOT = iphoneos;
				VALIDATE_PRODUCT = YES;
			};
			name = Release;
		};
		04FFC0A818C8EF7E00049790 /* Debug */ = {
			isa = XCBuildConfiguration;
			baseConfigurationReference = F608C86B83A54D4C9FD24110 /* Pods.xcconfig */;
			buildSettings = {
				ASSETCATALOG_COMPILER_APPICON_NAME = AppIcon;
				ASSETCATALOG_COMPILER_LAUNCHIMAGE_NAME = LaunchImage;
				CODE_SIGN_IDENTITY = "iPhone Developer";
				"CODE_SIGN_IDENTITY[sdk=iphoneos*]" = "iPhone Developer";
				GCC_PRECOMPILE_PREFIX_HEADER = YES;
				GCC_PREFIX_HEADER = "PurdueClass/PurdueClass-Prefix.pch";
				INFOPLIST_FILE = "PurdueClass/PurdueClass-Info.plist";
				PRODUCT_NAME = "$(TARGET_NAME)";
				PROVISIONING_PROFILE = "";
				WRAPPER_EXTENSION = app;
			};
			name = Debug;
		};
		04FFC0A918C8EF7E00049790 /* Release */ = {
			isa = XCBuildConfiguration;
			baseConfigurationReference = F608C86B83A54D4C9FD24110 /* Pods.xcconfig */;
			buildSettings = {
				ASSETCATALOG_COMPILER_APPICON_NAME = AppIcon;
				ASSETCATALOG_COMPILER_LAUNCHIMAGE_NAME = LaunchImage;
				CODE_SIGN_IDENTITY = "iPhone Developer";
				"CODE_SIGN_IDENTITY[sdk=iphoneos*]" = "iPhone Developer";
				GCC_PRECOMPILE_PREFIX_HEADER = YES;
				GCC_PREFIX_HEADER = "PurdueClass/PurdueClass-Prefix.pch";
				INFOPLIST_FILE = "PurdueClass/PurdueClass-Info.plist";
				PRODUCT_NAME = "$(TARGET_NAME)";
				PROVISIONING_PROFILE = "";
				WRAPPER_EXTENSION = app;
			};
			name = Release;
		};
		04FFC0AB18C8EF7E00049790 /* Debug */ = {
			isa = XCBuildConfiguration;
			buildSettings = {
				ARCHS = "$(ARCHS_STANDARD_INCLUDING_64_BIT)";
				BUNDLE_LOADER = "$(BUILT_PRODUCTS_DIR)/PurdueClass.app/PurdueClass";
				FRAMEWORK_SEARCH_PATHS = (
					"$(SDKROOT)/Developer/Library/Frameworks",
					"$(inherited)",
					"$(DEVELOPER_FRAMEWORKS_DIR)",
				);
				GCC_PRECOMPILE_PREFIX_HEADER = YES;
				GCC_PREFIX_HEADER = "PurdueClass/PurdueClass-Prefix.pch";
				GCC_PREPROCESSOR_DEFINITIONS = (
					"DEBUG=1",
					"$(inherited)",
				);
				INFOPLIST_FILE = "PurdueClassTests/PurdueClassTests-Info.plist";
				PRODUCT_NAME = "$(TARGET_NAME)";
				TEST_HOST = "$(BUNDLE_LOADER)";
				WRAPPER_EXTENSION = xctest;
			};
			name = Debug;
		};
		04FFC0AC18C8EF7E00049790 /* Release */ = {
			isa = XCBuildConfiguration;
			buildSettings = {
				ARCHS = "$(ARCHS_STANDARD_INCLUDING_64_BIT)";
				BUNDLE_LOADER = "$(BUILT_PRODUCTS_DIR)/PurdueClass.app/PurdueClass";
				FRAMEWORK_SEARCH_PATHS = (
					"$(SDKROOT)/Developer/Library/Frameworks",
					"$(inherited)",
					"$(DEVELOPER_FRAMEWORKS_DIR)",
				);
				GCC_PRECOMPILE_PREFIX_HEADER = YES;
				GCC_PREFIX_HEADER = "PurdueClass/PurdueClass-Prefix.pch";
				INFOPLIST_FILE = "PurdueClassTests/PurdueClassTests-Info.plist";
				PRODUCT_NAME = "$(TARGET_NAME)";
				TEST_HOST = "$(BUNDLE_LOADER)";
				WRAPPER_EXTENSION = xctest;
			};
			name = Release;
		};
/* End XCBuildConfiguration section */

/* Begin XCConfigurationList section */
		04FFC07018C8EF7E00049790 /* Build configuration list for PBXProject "PurdueClass" */ = {
			isa = XCConfigurationList;
			buildConfigurations = (
				04FFC0A518C8EF7E00049790 /* Debug */,
				04FFC0A618C8EF7E00049790 /* Release */,
			);
			defaultConfigurationIsVisible = 0;
			defaultConfigurationName = Release;
		};
		04FFC0A718C8EF7E00049790 /* Build configuration list for PBXNativeTarget "PurdueClass" */ = {
			isa = XCConfigurationList;
			buildConfigurations = (
				04FFC0A818C8EF7E00049790 /* Debug */,
				04FFC0A918C8EF7E00049790 /* Release */,
			);
			defaultConfigurationIsVisible = 0;
			defaultConfigurationName = Release;
		};
		04FFC0AA18C8EF7E00049790 /* Build configuration list for PBXNativeTarget "PurdueClassTests" */ = {
			isa = XCConfigurationList;
			buildConfigurations = (
				04FFC0AB18C8EF7E00049790 /* Debug */,
				04FFC0AC18C8EF7E00049790 /* Release */,
			);
			defaultConfigurationIsVisible = 0;
			defaultConfigurationName = Release;
		};
/* End XCConfigurationList section */
	};
	rootObject = 04FFC06D18C8EF7E00049790 /* Project object */;
}
